
Microsoft Visual Studio Solution File, Format Version 12.00
# Visual Studio 15
VisualStudioVersion = 15.0.28307.1300
MinimumVisualStudioVersion = 10.0.40219.1
Project("{8BC9CEB8-8B4A-11D0-8D11-00A0C91BC942}") = "Rasterizer", "Rasterizer\Rasterizer.vcxproj", "{76817130-4398-491E-BBDF-50C51671B8EB}"
EndProject
Global
	GlobalSection(SolutionConfigurationPlatforms) = preSolution
		Debug|x64 = Debug|x64
		Debug|x86 = Debug|x86
		Release|x64 = Release|x64
		Release|x86 = Release|x86
	EndGlobalSection
	GlobalSection(ProjectConfigurationPlatforms) = postSolution
		{76817130-4398-491E-BBDF-50C51671B8EB}.Debug|x64.ActiveCfg = Debug|x64
		{76817130-4398-491E-BBDF-50C51671B8EB}.Debug|x64.Build.0 = Debug|x64
		{76817130-4398-491E-BBDF-50C51671B8EB}.Debug|x86.ActiveCfg = Debug|Win32
		{76817130-4398-491E-BBDF-50C51671B8EB}.Debug|x86.Build.0 = Debug|Win32
		{76817130-4398-491E-BBDF-50C51671B8EB}.Release|x64.ActiveCfg = Release|x64
		{76817130-4398-491E-BBDF-50C51671B8EB}.Release|x64.Build.0 = Release|x64
		{76817130-4398-491E-BBDF-50C51671B8EB}.Release|x86.ActiveCfg = Release|Win32
		{76817130-4398-491E-BBDF-50C51671B8EB}.Release|x86.Build.0 = Release|Win32
	EndGlobalSection
	GlobalSection(SolutionProperties) = preSolution
		HideSolutionNode = FALSE
	EndGlobalSection
	GlobalSection(ExtensibilityGlobals) = postSolution
		SolutionGuid = {7B8F2F3B-D72A-41F2-A125-E2D14A03B157}
	EndGlobalSection
EndGlobal
